
Microsoft Visual Studio Solution File, Format Version 12.00
# Visual Studio Version 17
VisualStudioVersion = 17.0.31903.59
MinimumVisualStudioVersion = 10.0.40219.1
Project("{2150E333-8FDC-42A3-9474-1A3956D46DE8}") = "src", "src", "{5E949A2C-08FF-4671-90D9-1CC418C6D970}"
EndProject
Project("{FAE04EC0-301F-11D3-BF4B-00C04F79EFBC}") = "PrologueGenerator", "src\PrologueGenerator\PrologueGenerator.csproj", "{20AAD70E-40E8-4580-A750-B1F9006FE438}"
EndProject
Global
	GlobalSection(SolutionConfigurationPlatforms) = preSolution
		Debug|Any CPU = Debug|Any CPU
		Release|Any CPU = Release|Any CPU
	EndGlobalSection
	GlobalSection(SolutionProperties) = preSolution
		HideSolutionNode = FALSE
	EndGlobalSection
	GlobalSection(ProjectConfigurationPlatforms) = postSolution
		{20AAD70E-40E8-4580-A750-B1F9006FE438}.Debug|Any CPU.ActiveCfg = Debug|Any CPU
		{20AAD70E-40E8-4580-A750-B1F9006FE438}.Debug|Any CPU.Build.0 = Debug|Any CPU
		{20AAD70E-40E8-4580-A750-B1F9006FE438}.Release|Any CPU.ActiveCfg = Release|Any CPU
		{20AAD70E-40E8-4580-A750-B1F9006FE438}.Release|Any CPU.Build.0 = Release|Any CPU
	EndGlobalSection
	GlobalSection(NestedProjects) = preSolution
		{20AAD70E-40E8-4580-A750-B1F9006FE438} = {5E949A2C-08FF-4671-90D9-1CC418C6D970}
	EndGlobalSection
EndGlobal
